# THIS IS AN AUTOGENERATED FILE. DO NOT EDIT THIS FILE DIRECTLY.
# yarn lockfile v1


"@shopify/liquid-html-parser@^1.0.0":
  version "1.0.0"
  resolved "https://registry.npmjs.org/@shopify/liquid-html-parser/-/liquid-html-parser-1.0.0.tgz"
  integrity sha512-z64n4gbS41tHsvuB6JoC8cxnsgLXWtauiBzB0pOsF5+Zl5aR+IcBhLDQLkBJs78tuafk42BO4GAm5ge4L7lxTw==
  dependencies:
    line-column "^1.0.2"
    ohm-js "^16.3.0"

"@shopify/prettier-plugin-liquid@^1.3.0":
  version "1.3.0"
  resolved "https://registry.npmjs.org/@shopify/prettier-plugin-liquid/-/prettier-plugin-liquid-1.3.0.tgz"
  integrity sha512-QkJ9YSTiV0wMsHKWfmYhWmQJJK7R8Tm/s82KCm3llhhdbN8fHMGm6lKTfP7EwVzpKA2kjqUkDAc97tBHicmHUA==
  dependencies:
    "@shopify/liquid-html-parser" "^1.0.0"
    html-styles "^1.0.0"

html-styles@^1.0.0:
  version "1.0.0"
  resolved "https://registry.npmjs.org/html-styles/-/html-styles-1.0.0.tgz"
  integrity sha512-cDl5dcj73oI4Hy0DSUNh54CAwslNLJRCCoO+RNkVo+sBrjA/0+7E/xzvj3zH/GxbbBLGJhE0hBe1eg+0FINC6w==

isarray@^1.0.0, isarray@1.0.0:
  version "1.0.0"
  resolved "https://registry.npmjs.org/isarray/-/isarray-1.0.0.tgz"
  integrity sha512-VLghIWNM6ELQzo7zwmcg0NmTVyWKYjvIeM83yjp0wRDTmUnrM678fQbcKBo6n2CJEF0szoG//ytg+TKla89ALQ==

isobject@^2.0.0:
  version "2.1.0"
  resolved "https://registry.npmjs.org/isobject/-/isobject-2.1.0.tgz"
  integrity sha512-+OUdGJlgjOBZDfxnDjYYG6zp487z0JGNQq3cYQYg5f5hKR+syHMsaztzGeml/4kGG55CSpKSpWTY+jYGgsHLgA==
  dependencies:
    isarray "1.0.0"

line-column@^1.0.2:
  version "1.0.2"
  resolved "https://registry.npmjs.org/line-column/-/line-column-1.0.2.tgz"
  integrity sha512-Ktrjk5noGYlHsVnYWh62FLVs4hTb8A3e+vucNZMgPeAOITdshMSgv4cCZQeRDjm7+goqmo6+liZwTXo+U3sVww==
  dependencies:
    isarray "^1.0.0"
    isobject "^2.0.0"

ohm-js@^16.3.0:
  version "16.6.0"
  resolved "https://registry.npmjs.org/ohm-js/-/ohm-js-16.6.0.tgz"
  integrity sha512-X9P4koSGa7swgVQ0gt71UCYtkAQGOjciJPJAz74kDxWt8nXbH5HrDOQG6qBDH7SR40ktNv4x61BwpTDE9q4lRA==

"prettier@^2.0.0 || ^3.0.0", prettier@^3.0.3:
  version "3.0.3"
  resolved "https://registry.npmjs.org/prettier/-/prettier-3.0.3.tgz"
  integrity sha512-L/4pUDMxcNa8R/EthV08Zt42WBO4h1rarVtK0K+QJG0X187OLo7l699jWw0GKuwzkPQ//jMFA/8Xm6Fh3J/DAg==
